
Microsoft Visual Studio Solution File, Format Version 10.00
# Visual Studio 2008
Project("{FAE04EC0-301F-11D3-BF4B-00C04F79EFBC}") = "Payments", "Payments\Payments.csproj", "{FE869DA2-B1B0-4E31-B418-7334832A59F6}"
EndProject
Project("{FAE04EC0-301F-11D3-BF4B-00C04F79EFBC}") = "Payments.Test", "Payments.Test\Payments.Test.csproj", "{A8EEFA5D-A3B0-4E35-B5FE-3D40227BD679}"
EndProject
Project("{2150E333-8FDC-42A3-9474-1A3956D46DE8}") = "docs", "docs", "{297C373F-DCBC-48D3-AB43-DDF7AC55BC43}"
	ProjectSection(SolutionItems) = preProject
		..\docs\iso4217_code_table.csv = ..\docs\iso4217_code_table.csv
		..\docs\ru.csv = ..\docs\ru.csv
		..\docs\symbols.csv = ..\docs\symbols.csv
	EndProjectSection
EndProject
Global
	GlobalSection(SolutionConfigurationPlatforms) = preSolution
		Debug|Any CPU = Debug|Any CPU
		Release|Any CPU = Release|Any CPU
	EndGlobalSection
	GlobalSection(ProjectConfigurationPlatforms) = postSolution
		{A8EEFA5D-A3B0-4E35-B5FE-3D40227BD679}.Debug|Any CPU.ActiveCfg = Debug|Any CPU
		{A8EEFA5D-A3B0-4E35-B5FE-3D40227BD679}.Debug|Any CPU.Build.0 = Debug|Any CPU
		{A8EEFA5D-A3B0-4E35-B5FE-3D40227BD679}.Release|Any CPU.ActiveCfg = Release|Any CPU
		{A8EEFA5D-A3B0-4E35-B5FE-3D40227BD679}.Release|Any CPU.Build.0 = Release|Any CPU
		{FE869DA2-B1B0-4E31-B418-7334832A59F6}.Debug|Any CPU.ActiveCfg = Debug|Any CPU
		{FE869DA2-B1B0-4E31-B418-7334832A59F6}.Debug|Any CPU.Build.0 = Debug|Any CPU
		{FE869DA2-B1B0-4E31-B418-7334832A59F6}.Release|Any CPU.ActiveCfg = Release|Any CPU
		{FE869DA2-B1B0-4E31-B418-7334832A59F6}.Release|Any CPU.Build.0 = Release|Any CPU
	EndGlobalSection
	GlobalSection(NestedProjects) = preSolution
	EndGlobalSection
	GlobalSection(MonoDevelopProperties) = preSolution
		StartupItem = Payments\Payments.csproj
	EndGlobalSection
EndGlobal
